
Microsoft Visual Studio Solution File, Format Version 12.00
# Visual Studio 15
Project("{FAE04EC0-301F-11D3-BF4B-00C04F79EFBC}") = "com.fpnn", "fpnn-sdk\com.fpnn.csproj", "{8FE84855-8363-405C-A9B5-C945376A2474}"
EndProject
Project("{2150E333-8FDC-42A3-9474-1A3956D46DE8}") = "tests", "tests", "{C1F9D81D-BBDE-4473-B92F-4545C9EB5AD5}"
EndProject
Project("{2150E333-8FDC-42A3-9474-1A3956D46DE8}") = "examples", "examples", "{1BAFC25B-7050-47B2-92FD-A8EE4AE1DB7D}"
EndProject
Project("{FAE04EC0-301F-11D3-BF4B-00C04F79EFBC}") = "singleClientConcurrentTest", "tests\singleClientConcurrentTest\singleClientConcurrentTest.csproj", "{530BDDF3-6ACE-4BB9-B99C-475912889A42}"
EndProject
Project("{FAE04EC0-301F-11D3-BF4B-00C04F79EFBC}") = "asyncStressClient", "tests\asyncStressClient\asyncStressClient.csproj", "{9EC17637-46D5-494D-80C2-269981D149BD}"
EndProject
Project("{2150E333-8FDC-42A3-9474-1A3956D46DE8}") = "Solution Items", "Solution Items", "{A8FBFCC2-0B6E-4A3D-A839-3E806B6273E6}"
	ProjectSection(SolutionItems) = preProject
		API.md = API.md
		README.md = README.md
		TODO.txt = TODO.txt
	EndProjectSection
EndProject
Project("{FAE04EC0-301F-11D3-BF4B-00C04F79EFBC}") = "Demo", "examples\Demo\Demo.csproj", "{A9F4ECEF-A1C0-4248-BFF9-BCABAEEC8F22}"
EndProject
Project("{FAE04EC0-301F-11D3-BF4B-00C04F79EFBC}") = "ConnectionEvents", "examples\ConnectionEvents\ConnectionEvents.csproj", "{DDBE2911-F64A-4BFC-9635-45856929E5E6}"
EndProject
Project("{2150E333-8FDC-42A3-9474-1A3956D46DE8}") = "Duplex", "Duplex", "{7984F753-3A7A-460A-A8FA-B01FFC472166}"
EndProject
Project("{FAE04EC0-301F-11D3-BF4B-00C04F79EFBC}") = "OneWayDuplex", "examples\Duplex\OneWayDuplex\OneWayDuplex.csproj", "{F9C72E0E-975E-4E7E-AE4D-532C4682D7B2}"
EndProject
Project("{FAE04EC0-301F-11D3-BF4B-00C04F79EFBC}") = "TwoWayDuplex", "examples\Duplex\TwoWayDuplex\TwoWayDuplex.csproj", "{874FE7A0-F9BB-4A59-9CAF-E7FBC5AF1C51}"
EndProject
Project("{FAE04EC0-301F-11D3-BF4B-00C04F79EFBC}") = "AdvanceAnswerInDuplex", "examples\Duplex\AdvanceAnswerInDuplex\AdvanceAnswerInDuplex.csproj", "{81E56B16-8500-41B7-B4A5-6433E9CDE608}"
EndProject
Project("{FAE04EC0-301F-11D3-BF4B-00C04F79EFBC}") = "AsyncAnswerInDuplex", "examples\Duplex\AsyncAnswerInDuplex\AsyncAnswerInDuplex.csproj", "{D629C8D4-5777-4B0D-96A6-39A902FED027}"
EndProject
Global
	GlobalSection(SolutionConfigurationPlatforms) = preSolution
		Debug|Any CPU = Debug|Any CPU
		Release|Any CPU = Release|Any CPU
	EndGlobalSection
	GlobalSection(ProjectConfigurationPlatforms) = postSolution
		{8FE84855-8363-405C-A9B5-C945376A2474}.Debug|Any CPU.ActiveCfg = Debug|Any CPU
		{8FE84855-8363-405C-A9B5-C945376A2474}.Debug|Any CPU.Build.0 = Debug|Any CPU
		{8FE84855-8363-405C-A9B5-C945376A2474}.Release|Any CPU.ActiveCfg = Release|Any CPU
		{8FE84855-8363-405C-A9B5-C945376A2474}.Release|Any CPU.Build.0 = Release|Any CPU
		{530BDDF3-6ACE-4BB9-B99C-475912889A42}.Debug|Any CPU.ActiveCfg = Debug|Any CPU
		{530BDDF3-6ACE-4BB9-B99C-475912889A42}.Debug|Any CPU.Build.0 = Debug|Any CPU
		{530BDDF3-6ACE-4BB9-B99C-475912889A42}.Release|Any CPU.ActiveCfg = Release|Any CPU
		{530BDDF3-6ACE-4BB9-B99C-475912889A42}.Release|Any CPU.Build.0 = Release|Any CPU
		{9EC17637-46D5-494D-80C2-269981D149BD}.Debug|Any CPU.ActiveCfg = Debug|Any CPU
		{9EC17637-46D5-494D-80C2-269981D149BD}.Debug|Any CPU.Build.0 = Debug|Any CPU
		{9EC17637-46D5-494D-80C2-269981D149BD}.Release|Any CPU.ActiveCfg = Release|Any CPU
		{9EC17637-46D5-494D-80C2-269981D149BD}.Release|Any CPU.Build.0 = Release|Any CPU
		{A9F4ECEF-A1C0-4248-BFF9-BCABAEEC8F22}.Debug|Any CPU.ActiveCfg = Debug|Any CPU
		{A9F4ECEF-A1C0-4248-BFF9-BCABAEEC8F22}.Debug|Any CPU.Build.0 = Debug|Any CPU
		{A9F4ECEF-A1C0-4248-BFF9-BCABAEEC8F22}.Release|Any CPU.ActiveCfg = Release|Any CPU
		{A9F4ECEF-A1C0-4248-BFF9-BCABAEEC8F22}.Release|Any CPU.Build.0 = Release|Any CPU
		{DDBE2911-F64A-4BFC-9635-45856929E5E6}.Debug|Any CPU.ActiveCfg = Debug|Any CPU
		{DDBE2911-F64A-4BFC-9635-45856929E5E6}.Debug|Any CPU.Build.0 = Debug|Any CPU
		{DDBE2911-F64A-4BFC-9635-45856929E5E6}.Release|Any CPU.ActiveCfg = Release|Any CPU
		{DDBE2911-F64A-4BFC-9635-45856929E5E6}.Release|Any CPU.Build.0 = Release|Any CPU
		{F9C72E0E-975E-4E7E-AE4D-532C4682D7B2}.Debug|Any CPU.ActiveCfg = Debug|Any CPU
		{F9C72E0E-975E-4E7E-AE4D-532C4682D7B2}.Debug|Any CPU.Build.0 = Debug|Any CPU
		{F9C72E0E-975E-4E7E-AE4D-532C4682D7B2}.Release|Any CPU.ActiveCfg = Release|Any CPU
		{F9C72E0E-975E-4E7E-AE4D-532C4682D7B2}.Release|Any CPU.Build.0 = Release|Any CPU
		{874FE7A0-F9BB-4A59-9CAF-E7FBC5AF1C51}.Debug|Any CPU.ActiveCfg = Debug|Any CPU
		{874FE7A0-F9BB-4A59-9CAF-E7FBC5AF1C51}.Debug|Any CPU.Build.0 = Debug|Any CPU
		{874FE7A0-F9BB-4A59-9CAF-E7FBC5AF1C51}.Release|Any CPU.ActiveCfg = Release|Any CPU
		{874FE7A0-F9BB-4A59-9CAF-E7FBC5AF1C51}.Release|Any CPU.Build.0 = Release|Any CPU
		{81E56B16-8500-41B7-B4A5-6433E9CDE608}.Debug|Any CPU.ActiveCfg = Debug|Any CPU
		{81E56B16-8500-41B7-B4A5-6433E9CDE608}.Debug|Any CPU.Build.0 = Debug|Any CPU
		{81E56B16-8500-41B7-B4A5-6433E9CDE608}.Release|Any CPU.ActiveCfg = Release|Any CPU
		{81E56B16-8500-41B7-B4A5-6433E9CDE608}.Release|Any CPU.Build.0 = Release|Any CPU
		{D629C8D4-5777-4B0D-96A6-39A902FED027}.Debug|Any CPU.ActiveCfg = Debug|Any CPU
		{D629C8D4-5777-4B0D-96A6-39A902FED027}.Debug|Any CPU.Build.0 = Debug|Any CPU
		{D629C8D4-5777-4B0D-96A6-39A902FED027}.Release|Any CPU.ActiveCfg = Release|Any CPU
		{D629C8D4-5777-4B0D-96A6-39A902FED027}.Release|Any CPU.Build.0 = Release|Any CPU
	EndGlobalSection
	GlobalSection(NestedProjects) = preSolution
		{530BDDF3-6ACE-4BB9-B99C-475912889A42} = {C1F9D81D-BBDE-4473-B92F-4545C9EB5AD5}
		{9EC17637-46D5-494D-80C2-269981D149BD} = {C1F9D81D-BBDE-4473-B92F-4545C9EB5AD5}
		{A9F4ECEF-A1C0-4248-BFF9-BCABAEEC8F22} = {1BAFC25B-7050-47B2-92FD-A8EE4AE1DB7D}
		{DDBE2911-F64A-4BFC-9635-45856929E5E6} = {1BAFC25B-7050-47B2-92FD-A8EE4AE1DB7D}
		{7984F753-3A7A-460A-A8FA-B01FFC472166} = {1BAFC25B-7050-47B2-92FD-A8EE4AE1DB7D}
		{F9C72E0E-975E-4E7E-AE4D-532C4682D7B2} = {7984F753-3A7A-460A-A8FA-B01FFC472166}
		{874FE7A0-F9BB-4A59-9CAF-E7FBC5AF1C51} = {7984F753-3A7A-460A-A8FA-B01FFC472166}
		{81E56B16-8500-41B7-B4A5-6433E9CDE608} = {7984F753-3A7A-460A-A8FA-B01FFC472166}
		{D629C8D4-5777-4B0D-96A6-39A902FED027} = {7984F753-3A7A-460A-A8FA-B01FFC472166}
	EndGlobalSection
EndGlobal
